
Microsoft Visual Studio Solution File, Format Version 12.00
# Visual Studio 2015
Project("{FAE04EC0-301F-11D3-BF4B-00C04F79EFBC}") = "WorldMapGen", "WorldMapGen.csproj", "{4A147FD2-5E25-C11F-65E3-1D9B76294A5C}"
EndProject
Project("{FAE04EC0-301F-11D3-BF4B-00C04F79EFBC}") = "WorldMapGen.Editor", "WorldMapGen.Editor.csproj", "{B8314937-4936-DDF2-4677-B78CB3664E71}"
EndProject
Global
	GlobalSection(SolutionConfigurationPlatforms) = preSolution
		Debug|Any CPU = Debug|Any CPU
		Release|Any CPU = Release|Any CPU
	EndGlobalSection
	GlobalSection(ProjectConfigurationPlatforms) = postSolution
		{4A147FD2-5E25-C11F-65E3-1D9B76294A5C}.Debug|Any CPU.ActiveCfg = Debug|Any CPU
		{4A147FD2-5E25-C11F-65E3-1D9B76294A5C}.Debug|Any CPU.Build.0 = Debug|Any CPU
		{4A147FD2-5E25-C11F-65E3-1D9B76294A5C}.Release|Any CPU.ActiveCfg = Release|Any CPU
		{4A147FD2-5E25-C11F-65E3-1D9B76294A5C}.Release|Any CPU.Build.0 = Release|Any CPU
		{B8314937-4936-DDF2-4677-B78CB3664E71}.Debug|Any CPU.ActiveCfg = Debug|Any CPU
		{B8314937-4936-DDF2-4677-B78CB3664E71}.Debug|Any CPU.Build.0 = Debug|Any CPU
		{B8314937-4936-DDF2-4677-B78CB3664E71}.Release|Any CPU.ActiveCfg = Release|Any CPU
		{B8314937-4936-DDF2-4677-B78CB3664E71}.Release|Any CPU.Build.0 = Release|Any CPU
	EndGlobalSection
	GlobalSection(SolutionProperties) = preSolution
		HideSolutionNode = FALSE
	EndGlobalSection
EndGlobal
